
Microsoft Visual Studio Solution File, Format Version 12.00
# Visual Studio Version 16
VisualStudioVersion = 16.0.28803.352
MinimumVisualStudioVersion = 10.0.40219.1
Project("{FAE04EC0-301F-11D3-BF4B-00C04F79EFBC}") = "Blockchain Poll", "Blockchain Poll\Blockchain Poll.csproj", "{8BAED0AD-E673-4726-BFD8-8FFDCB354A93}"
EndProject
Global
	GlobalSection(SolutionConfigurationPlatforms) = preSolution
		Debug|Any CPU = Debug|Any CPU
		Release|Any CPU = Release|Any CPU
	EndGlobalSection
	GlobalSection(ProjectConfigurationPlatforms) = postSolution
		{8BAED0AD-E673-4726-BFD8-8FFDCB354A93}.Debug|Any CPU.ActiveCfg = Debug|Any CPU
		{8BAED0AD-E673-4726-BFD8-8FFDCB354A93}.Debug|Any CPU.Build.0 = Debug|Any CPU
		{8BAED0AD-E673-4726-BFD8-8FFDCB354A93}.Release|Any CPU.ActiveCfg = Release|Any CPU
		{8BAED0AD-E673-4726-BFD8-8FFDCB354A93}.Release|Any CPU.Build.0 = Release|Any CPU
	EndGlobalSection
	GlobalSection(SolutionProperties) = preSolution
		HideSolutionNode = FALSE
	EndGlobalSection
	GlobalSection(ExtensibilityGlobals) = postSolution
		SolutionGuid = {F7DEAB52-6CFD-4615-AFBF-17D73865D5DF}
	EndGlobalSection
EndGlobal
